// !$*UTF8*$!
{
	archiveVersion = 1;
	classes = {
	};
	objectVersion = 56;
	objects = {

/* Begin PBXBuildFile section */
		81CFB24E2B0A9EB200A92D12 /* AppDelegate.swift in Sources */ = {isa = PBXBuildFile; fileRef = 81CFB24D2B0A9EB200A92D12 /* AppDelegate.swift */; };
		81CFB2502B0A9EB200A92D12 /* SceneDelegate.swift in Sources */ = {isa = PBXBuildFile; fileRef = 81CFB24F2B0A9EB200A92D12 /* SceneDelegate.swift */; };
		81CFB2522B0A9EB200A92D12 /* ViewController.swift in Sources */ = {isa = PBXBuildFile; fileRef = 81CFB2512B0A9EB200A92D12 /* ViewController.swift */; };
		81CFB2572B0A9EB600A92D12 /* Assets.xcassets in Resources */ = {isa = PBXBuildFile; fileRef = 81CFB2562B0A9EB600A92D12 /* Assets.xcassets */; };
		81CFB25A2B0A9EB700A92D12 /* LaunchScreen.storyboard in Resources */ = {isa = PBXBuildFile; fileRef = 81CFB2582B0A9EB700A92D12 /* LaunchScreen.storyboard */; };
		81CFB2632B0A9FCD00A92D12 /* UIColorExtensions.swift in Sources */ = {isa = PBXBuildFile; fileRef = 81CFB2622B0A9FCD00A92D12 /* UIColorExtensions.swift */; };
		81CFB2692B0AB42000A92D12 /* Fredoka.ttf in Resources */ = {isa = PBXBuildFile; fileRef = 81CFB2682B0AB42000A92D12 /* Fredoka.ttf */; };
		81CFB26B2B0AC26300A92D12 /* LoginVC.swift in Sources */ = {isa = PBXBuildFile; fileRef = 81CFB26A2B0AC26300A92D12 /* LoginVC.swift */; };
		81CFB26D2B0AC80600A92D12 /* SignupVC.swift in Sources */ = {isa = PBXBuildFile; fileRef = 81CFB26C2B0AC80600A92D12 /* SignupVC.swift */; };
		81D6593B2B102F1700184D9E /* WelcomeVC.swift in Sources */ = {isa = PBXBuildFile; fileRef = 81D6593A2B102F1700184D9E /* WelcomeVC.swift */; };
		81D6593D2B1030B400184D9E /* HomeVC.swift in Sources */ = {isa = PBXBuildFile; fileRef = 81D6593C2B1030B400184D9E /* HomeVC.swift */; };
		81D6593F2B10573000184D9E /* QuizVC.swift in Sources */ = {isa = PBXBuildFile; fileRef = 81D6593E2B10573000184D9E /* QuizVC.swift */; };
		81D659412B10576300184D9E /* WhatsMBTIVC.swift in Sources */ = {isa = PBXBuildFile; fileRef = 81D659402B10576300184D9E /* WhatsMBTIVC.swift */; };
		81D659432B10578400184D9E /* EnterMBTIVC.swift in Sources */ = {isa = PBXBuildFile; fileRef = 81D659422B10578400184D9E /* EnterMBTIVC.swift */; };
		81D659452B10778200184D9E /* ResultVC.swift in Sources */ = {isa = PBXBuildFile; fileRef = 81D659442B10778200184D9E /* ResultVC.swift */; };
		81D6594B2B1086A500184D9E /* NetworkManager.swift in Sources */ = {isa = PBXBuildFile; fileRef = 81D6594A2B1086A500184D9E /* NetworkManager.swift */; };
		81D6594D2B108CEB00184D9E /* User.swift in Sources */ = {isa = PBXBuildFile; fileRef = 81D6594C2B108CEB00184D9E /* User.swift */; };
		81D6594F2B108E7E00184D9E /* ProfileVC.swift in Sources */ = {isa = PBXBuildFile; fileRef = 81D6594E2B108E7E00184D9E /* ProfileVC.swift */; };
		81D659512B108FBD00184D9E /* Post.swift in Sources */ = {isa = PBXBuildFile; fileRef = 81D659502B108FBD00184D9E /* Post.swift */; };
		B5C69B12D44726B07DED9BC0 /* Pods_CornellTypes.framework in Frameworks */ = {isa = PBXBuildFile; fileRef = 686E400F1ED3B30DFAFD3636 /* Pods_CornellTypes.framework */; };
/* End PBXBuildFile section */

/* Begin PBXFileReference section */
		583CF2F9B7ABC7905E551492 /* Pods-CornellTypes.debug.xcconfig */ = {isa = PBXFileReference; includeInIndex = 1; lastKnownFileType = text.xcconfig; name = "Pods-CornellTypes.debug.xcconfig"; path = "Target Support Files/Pods-CornellTypes/Pods-CornellTypes.debug.xcconfig"; sourceTree = "<group>"; };
		686E400F1ED3B30DFAFD3636 /* Pods_CornellTypes.framework */ = {isa = PBXFileReference; explicitFileType = wrapper.framework; includeInIndex = 0; path = Pods_CornellTypes.framework; sourceTree = BUILT_PRODUCTS_DIR; };
		81CFB24A2B0A9EB200A92D12 /* CornellTypes.app */ = {isa = PBXFileReference; explicitFileType = wrapper.application; includeInIndex = 0; path = CornellTypes.app; sourceTree = BUILT_PRODUCTS_DIR; };
		81CFB24D2B0A9EB200A92D12 /* AppDelegate.swift */ = {isa = PBXFileReference; lastKnownFileType = sourcecode.swift; path = AppDelegate.swift; sourceTree = "<group>"; };
		81CFB24F2B0A9EB200A92D12 /* SceneDelegate.swift */ = {isa = PBXFileReference; lastKnownFileType = sourcecode.swift; path = SceneDelegate.swift; sourceTree = "<group>"; };
		81CFB2512B0A9EB200A92D12 /* ViewController.swift */ = {isa = PBXFileReference; lastKnownFileType = sourcecode.swift; path = ViewController.swift; sourceTree = "<group>"; };
		81CFB2562B0A9EB600A92D12 /* Assets.xcassets */ = {isa = PBXFileReference; lastKnownFileType = folder.assetcatalog; path = Assets.xcassets; sourceTree = "<group>"; };
		81CFB2592B0A9EB700A92D12 /* Base */ = {isa = PBXFileReference; lastKnownFileType = file.storyboard; name = Base; path = Base.lproj/LaunchScreen.storyboard; sourceTree = "<group>"; };
		81CFB25B2B0A9EB700A92D12 /* Info.plist */ = {isa = PBXFileReference; lastKnownFileType = text.plist.xml; path = Info.plist; sourceTree = "<group>"; };
		81CFB2622B0A9FCD00A92D12 /* UIColorExtensions.swift */ = {isa = PBXFileReference; lastKnownFileType = sourcecode.swift; path = UIColorExtensions.swift; sourceTree = "<group>"; };
		81CFB2682B0AB42000A92D12 /* Fredoka.ttf */ = {isa = PBXFileReference; lastKnownFileType = file; name = Fredoka.ttf; path = ../../../../Downloads/Fredoka/Fredoka.ttf; sourceTree = "<group>"; };
		81CFB26A2B0AC26300A92D12 /* LoginVC.swift */ = {isa = PBXFileReference; lastKnownFileType = sourcecode.swift; path = LoginVC.swift; sourceTree = "<group>"; };
		81CFB26C2B0AC80600A92D12 /* SignupVC.swift */ = {isa = PBXFileReference; lastKnownFileType = sourcecode.swift; path = SignupVC.swift; sourceTree = "<group>"; };
		81D6593A2B102F1700184D9E /* WelcomeVC.swift */ = {isa = PBXFileReference; lastKnownFileType = sourcecode.swift; path = WelcomeVC.swift; sourceTree = "<group>"; };
		81D6593C2B1030B400184D9E /* HomeVC.swift */ = {isa = PBXFileReference; lastKnownFileType = sourcecode.swift; path = HomeVC.swift; sourceTree = "<group>"; };
		81D6593E2B10573000184D9E /* QuizVC.swift */ = {isa = PBXFileReference; lastKnownFileType = sourcecode.swift; path = QuizVC.swift; sourceTree = "<group>"; };
		81D659402B10576300184D9E /* WhatsMBTIVC.swift */ = {isa = PBXFileReference; lastKnownFileType = sourcecode.swift; path = WhatsMBTIVC.swift; sourceTree = "<group>"; };
		81D659422B10578400184D9E /* EnterMBTIVC.swift */ = {isa = PBXFileReference; lastKnownFileType = sourcecode.swift; path = EnterMBTIVC.swift; sourceTree = "<group>"; };
		81D659442B10778200184D9E /* ResultVC.swift */ = {isa = PBXFileReference; lastKnownFileType = sourcecode.swift; path = ResultVC.swift; sourceTree = "<group>"; };
		81D6594A2B1086A500184D9E /* NetworkManager.swift */ = {isa = PBXFileReference; lastKnownFileType = sourcecode.swift; path = NetworkManager.swift; sourceTree = "<group>"; };
		81D6594C2B108CEB00184D9E /* User.swift */ = {isa = PBXFileReference; lastKnownFileType = sourcecode.swift; path = User.swift; sourceTree = "<group>"; };
		81D6594E2B108E7E00184D9E /* ProfileVC.swift */ = {isa = PBXFileReference; lastKnownFileType = sourcecode.swift; path = ProfileVC.swift; sourceTree = "<group>"; };
		81D659502B108FBD00184D9E /* Post.swift */ = {isa = PBXFileReference; lastKnownFileType = sourcecode.swift; path = Post.swift; sourceTree = "<group>"; };
		8A0E8926EA892A697AF09675 /* Pods-CornellTypes.release.xcconfig */ = {isa = PBXFileReference; includeInIndex = 1; lastKnownFileType = text.xcconfig; name = "Pods-CornellTypes.release.xcconfig"; path = "Target Support Files/Pods-CornellTypes/Pods-CornellTypes.release.xcconfig"; sourceTree = "<group>"; };
/* End PBXFileReference section */

/* Begin PBXFrameworksBuildPhase section */
		81CFB2472B0A9EB200A92D12 /* Frameworks */ = {
			isa = PBXFrameworksBuildPhase;
			buildActionMask = 2147483647;
			files = (
				B5C69B12D44726B07DED9BC0 /* Pods_CornellTypes.framework in Frameworks */,
			);
			runOnlyForDeploymentPostprocessing = 0;
		};
/* End PBXFrameworksBuildPhase section */

/* Begin PBXGroup section */
		270F07A4B055F3C2D55C77AF /* Pods */ = {
			isa = PBXGroup;
			children = (
				583CF2F9B7ABC7905E551492 /* Pods-CornellTypes.debug.xcconfig */,
				8A0E8926EA892A697AF09675 /* Pods-CornellTypes.release.xcconfig */,
			);
			path = Pods;
			sourceTree = "<group>";
		};
		81CFB2412B0A9EB200A92D12 = {
			isa = PBXGroup;
			children = (
				81CFB24C2B0A9EB200A92D12 /* CornellTypes */,
				81CFB24B2B0A9EB200A92D12 /* Products */,
				270F07A4B055F3C2D55C77AF /* Pods */,
				E28AECA9417DC5243BFD3FCC /* Frameworks */,
			);
			sourceTree = "<group>";
		};
		81CFB24B2B0A9EB200A92D12 /* Products */ = {
			isa = PBXGroup;
			children = (
				81CFB24A2B0A9EB200A92D12 /* CornellTypes.app */,
			);
			name = Products;
			sourceTree = "<group>";
		};
		81CFB24C2B0A9EB200A92D12 /* CornellTypes */ = {
			isa = PBXGroup;
			children = (
				81CFB2612B0A9FA900A92D12 /* Controllers */,
				81D659492B1078DB00184D9E /* Networking */,
				81CFB2652B0AA1FF00A92D12 /* Models */,
				81CFB2642B0A9FD200A92D12 /* Extensions */,
				81CFB24D2B0A9EB200A92D12 /* AppDelegate.swift */,
				81CFB24F2B0A9EB200A92D12 /* SceneDelegate.swift */,
				81CFB2562B0A9EB600A92D12 /* Assets.xcassets */,
				81CFB2582B0A9EB700A92D12 /* LaunchScreen.storyboard */,
				81CFB25B2B0A9EB700A92D12 /* Info.plist */,
				81CFB2682B0AB42000A92D12 /* Fredoka.ttf */,
			);
			path = CornellTypes;
			sourceTree = "<group>";
		};
		81CFB2612B0A9FA900A92D12 /* Controllers */ = {
			isa = PBXGroup;
			children = (
				81D659462B1077A600184D9E /* IntroSection */,
				81D659472B1077C700184D9E /* QuizSection */,
				81D659482B1077FC00184D9E /* HomeSection */,
			);
			path = Controllers;
			sourceTree = "<group>";
		};
		81CFB2642B0A9FD200A92D12 /* Extensions */ = {
			isa = PBXGroup;
			children = (
				81CFB2622B0A9FCD00A92D12 /* UIColorExtensions.swift */,
			);
			path = Extensions;
			sourceTree = "<group>";
		};
		81CFB2652B0AA1FF00A92D12 /* Models */ = {
			isa = PBXGroup;
			children = (
				81D659502B108FBD00184D9E /* Post.swift */,
				81D6594C2B108CEB00184D9E /* User.swift */,
			);
			path = Models;
			sourceTree = "<group>";
		};
		81D659462B1077A600184D9E /* IntroSection */ = {
			isa = PBXGroup;
			children = (
				81CFB2512B0A9EB200A92D12 /* ViewController.swift */,
				81CFB26A2B0AC26300A92D12 /* LoginVC.swift */,
				81CFB26C2B0AC80600A92D12 /* SignupVC.swift */,
				81D6593A2B102F1700184D9E /* WelcomeVC.swift */,
				81D659402B10576300184D9E /* WhatsMBTIVC.swift */,
				81D659422B10578400184D9E /* EnterMBTIVC.swift */,
			);
			path = IntroSection;
			sourceTree = "<group>";
		};
		81D659472B1077C700184D9E /* QuizSection */ = {
			isa = PBXGroup;
			children = (
				81D6593E2B10573000184D9E /* QuizVC.swift */,
				81D659442B10778200184D9E /* ResultVC.swift */,
			);
			path = QuizSection;
			sourceTree = "<group>";
		};
		81D659482B1077FC00184D9E /* HomeSection */ = {
			isa = PBXGroup;
			children = (
				81D6593C2B1030B400184D9E /* HomeVC.swift */,
				81D6594E2B108E7E00184D9E /* ProfileVC.swift */,
			);
			path = HomeSection;
			sourceTree = "<group>";
		};
		81D659492B1078DB00184D9E /* Networking */ = {
			isa = PBXGroup;
			children = (
				81D6594A2B1086A500184D9E /* NetworkManager.swift */,
			);
			path = Networking;
			sourceTree = "<group>";
		};
		E28AECA9417DC5243BFD3FCC /* Frameworks */ = {
			isa = PBXGroup;
			children = (
				686E400F1ED3B30DFAFD3636 /* Pods_CornellTypes.framework */,
			);
			name = Frameworks;
			sourceTree = "<group>";
		};
/* End PBXGroup section */

/* Begin PBXNativeTarget section */
		81CFB2492B0A9EB200A92D12 /* CornellTypes */ = {
			isa = PBXNativeTarget;
			buildConfigurationList = 81CFB25E2B0A9EB700A92D12 /* Build configuration list for PBXNativeTarget "CornellTypes" */;
			buildPhases = (
				22C25EA10A3171B00F35E39B /* [CP] Check Pods Manifest.lock */,
				81CFB2462B0A9EB200A92D12 /* Sources */,
				81CFB2472B0A9EB200A92D12 /* Frameworks */,
				81CFB2482B0A9EB200A92D12 /* Resources */,
				D41452A043BE18CD7C5D0482 /* [CP] Embed Pods Frameworks */,
			);
			buildRules = (
			);
			dependencies = (
			);
			name = CornellTypes;
			productName = CornellTypes;
			productReference = 81CFB24A2B0A9EB200A92D12 /* CornellTypes.app */;
			productType = "com.apple.product-type.application";
		};
/* End PBXNativeTarget section */

/* Begin PBXProject section */
		81CFB2422B0A9EB200A92D12 /* Project object */ = {
			isa = PBXProject;
			attributes = {
				BuildIndependentTargetsInParallel = 1;
				LastSwiftUpdateCheck = 1430;
				LastUpgradeCheck = 1430;
				TargetAttributes = {
					81CFB2492B0A9EB200A92D12 = {
						CreatedOnToolsVersion = 14.3.1;
					};
				};
			};
			buildConfigurationList = 81CFB2452B0A9EB200A92D12 /* Build configuration list for PBXProject "CornellTypes" */;
			compatibilityVersion = "Xcode 14.0";
			developmentRegion = en;
			hasScannedForEncodings = 0;
			knownRegions = (
				en,
				Base,
			);
			mainGroup = 81CFB2412B0A9EB200A92D12;
			productRefGroup = 81CFB24B2B0A9EB200A92D12 /* Products */;
			projectDirPath = "";
			projectRoot = "";
			targets = (
				81CFB2492B0A9EB200A92D12 /* CornellTypes */,
			);
		};
/* End PBXProject section */

/* Begin PBXResourcesBuildPhase section */
		81CFB2482B0A9EB200A92D12 /* Resources */ = {
			isa = PBXResourcesBuildPhase;
			buildActionMask = 2147483647;
			files = (
				81CFB25A2B0A9EB700A92D12 /* LaunchScreen.storyboard in Resources */,
				81CFB2572B0A9EB600A92D12 /* Assets.xcassets in Resources */,
				81CFB2692B0AB42000A92D12 /* Fredoka.ttf in Resources */,
			);
			runOnlyForDeploymentPostprocessing = 0;
		};
/* End PBXResourcesBuildPhase section */

/* Begin PBXShellScriptBuildPhase section */
		22C25EA10A3171B00F35E39B /* [CP] Check Pods Manifest.lock */ = {
			isa = PBXShellScriptBuildPhase;
			buildActionMask = 2147483647;
			files = (
			);
			inputFileListPaths = (
			);
			inputPaths = (
				"${PODS_PODFILE_DIR_PATH}/Podfile.lock",
				"${PODS_ROOT}/Manifest.lock",
			);
			name = "[CP] Check Pods Manifest.lock";
			outputFileListPaths = (
			);
			outputPaths = (
				"$(DERIVED_FILE_DIR)/Pods-CornellTypes-checkManifestLockResult.txt",
			);
			runOnlyForDeploymentPostprocessing = 0;
			shellPath = /bin/sh;
			shellScript = "diff \"${PODS_PODFILE_DIR_PATH}/Podfile.lock\" \"${PODS_ROOT}/Manifest.lock\" > /dev/null\nif [ $? != 0 ] ; then\n    # print error to STDERR\n    echo \"error: The sandbox is not in sync with the Podfile.lock. Run 'pod install' or update your CocoaPods installation.\" >&2\n    exit 1\nfi\n# This output is used by Xcode 'outputs' to avoid re-running this script phase.\necho \"SUCCESS\" > \"${SCRIPT_OUTPUT_FILE_0}\"\n";
			showEnvVarsInLog = 0;
		};
		D41452A043BE18CD7C5D0482 /* [CP] Embed Pods Frameworks */ = {
			isa = PBXShellScriptBuildPhase;
			buildActionMask = 2147483647;
			files = (
			);
			inputFileListPaths = (
				"${PODS_ROOT}/Target Support Files/Pods-CornellTypes/Pods-CornellTypes-frameworks-${CONFIGURATION}-input-files.xcfilelist",
			);
			name = "[CP] Embed Pods Frameworks";
			outputFileListPaths = (
				"${PODS_ROOT}/Target Support Files/Pods-CornellTypes/Pods-CornellTypes-frameworks-${CONFIGURATION}-output-files.xcfilelist",
			);
			runOnlyForDeploymentPostprocessing = 0;
			shellPath = /bin/sh;
			shellScript = "\"${PODS_ROOT}/Target Support Files/Pods-CornellTypes/Pods-CornellTypes-frameworks.sh\"\n";
			showEnvVarsInLog = 0;
		};
/* End PBXShellScriptBuildPhase section */

/* Begin PBXSourcesBuildPhase section */
		81CFB2462B0A9EB200A92D12 /* Sources */ = {
			isa = PBXSourcesBuildPhase;
			buildActionMask = 2147483647;
			files = (
				81D6594F2B108E7E00184D9E /* ProfileVC.swift in Sources */,
				81CFB26D2B0AC80600A92D12 /* SignupVC.swift in Sources */,
				81D659452B10778200184D9E /* ResultVC.swift in Sources */,
				81D6593D2B1030B400184D9E /* HomeVC.swift in Sources */,
				81D6594B2B1086A500184D9E /* NetworkManager.swift in Sources */,
				81CFB2522B0A9EB200A92D12 /* ViewController.swift in Sources */,
				81CFB24E2B0A9EB200A92D12 /* AppDelegate.swift in Sources */,
				81D6594D2B108CEB00184D9E /* User.swift in Sources */,
				81D659412B10576300184D9E /* WhatsMBTIVC.swift in Sources */,
				81D6593F2B10573000184D9E /* QuizVC.swift in Sources */,
				81D659432B10578400184D9E /* EnterMBTIVC.swift in Sources */,
				81D659512B108FBD00184D9E /* Post.swift in Sources */,
				81CFB2502B0A9EB200A92D12 /* SceneDelegate.swift in Sources */,
				81CFB2632B0A9FCD00A92D12 /* UIColorExtensions.swift in Sources */,
				81D6593B2B102F1700184D9E /* WelcomeVC.swift in Sources */,
				81CFB26B2B0AC26300A92D12 /* LoginVC.swift in Sources */,
			);
			runOnlyForDeploymentPostprocessing = 0;
		};
/* End PBXSourcesBuildPhase section */

/* Begin PBXVariantGroup section */
		81CFB2582B0A9EB700A92D12 /* LaunchScreen.storyboard */ = {
			isa = PBXVariantGroup;
			children = (
				81CFB2592B0A9EB700A92D12 /* Base */,
			);
			name = LaunchScreen.storyboard;
			sourceTree = "<group>";
		};
/* End PBXVariantGroup section */

/* Begin XCBuildConfiguration section */
		81CFB25C2B0A9EB700A92D12 /* Debug */ = {
			isa = XCBuildConfiguration;
			buildSettings = {
				ALWAYS_SEARCH_USER_PATHS = NO;
				CLANG_ANALYZER_NONNULL = YES;
				CLANG_ANALYZER_NUMBER_OBJECT_CONVERSION = YES_AGGRESSIVE;
				CLANG_CXX_LANGUAGE_STANDARD = "gnu++20";
				CLANG_ENABLE_MODULES = YES;
				CLANG_ENABLE_OBJC_ARC = YES;
				CLANG_ENABLE_OBJC_WEAK = YES;
				CLANG_WARN_BLOCK_CAPTURE_AUTORELEASING = YES;
				CLANG_WARN_BOOL_CONVERSION = YES;
				CLANG_WARN_COMMA = YES;
				CLANG_WARN_CONSTANT_CONVERSION = YES;
				CLANG_WARN_DEPRECATED_OBJC_IMPLEMENTATIONS = YES;
				CLANG_WARN_DIRECT_OBJC_ISA_USAGE = YES_ERROR;
				CLANG_WARN_DOCUMENTATION_COMMENTS = YES;
				CLANG_WARN_EMPTY_BODY = YES;
				CLANG_WARN_ENUM_CONVERSION = YES;
				CLANG_WARN_INFINITE_RECURSION = YES;
				CLANG_WARN_INT_CONVERSION = YES;
				CLANG_WARN_NON_LITERAL_NULL_CONVERSION = YES;
				CLANG_WARN_OBJC_IMPLICIT_RETAIN_SELF = YES;
				CLANG_WARN_OBJC_LITERAL_CONVERSION = YES;
				CLANG_WARN_OBJC_ROOT_CLASS = YES_ERROR;
				CLANG_WARN_QUOTED_INCLUDE_IN_FRAMEWORK_HEADER = YES;
				CLANG_WARN_RANGE_LOOP_ANALYSIS = YES;
				CLANG_WARN_STRICT_PROTOTYPES = YES;
				CLANG_WARN_SUSPICIOUS_MOVE = YES;
				CLANG_WARN_UNGUARDED_AVAILABILITY = YES_AGGRESSIVE;
				CLANG_WARN_UNREACHABLE_CODE = YES;
				CLANG_WARN__DUPLICATE_METHOD_MATCH = YES;
				COPY_PHASE_STRIP = NO;
				DEBUG_INFORMATION_FORMAT = dwarf;
				ENABLE_STRICT_OBJC_MSGSEND = YES;
				ENABLE_TESTABILITY = YES;
				GCC_C_LANGUAGE_STANDARD = gnu11;
				GCC_DYNAMIC_NO_PIC = NO;
				GCC_NO_COMMON_BLOCKS = YES;
				GCC_OPTIMIZATION_LEVEL = 0;
				GCC_PREPROCESSOR_DEFINITIONS = (
					"DEBUG=1",
					"$(inherited)",
				);
				GCC_WARN_64_TO_32_BIT_CONVERSION = YES;
				GCC_WARN_ABOUT_RETURN_TYPE = YES_ERROR;
				GCC_WARN_UNDECLARED_SELECTOR = YES;
				GCC_WARN_UNINITIALIZED_AUTOS = YES_AGGRESSIVE;
				GCC_WARN_UNUSED_FUNCTION = YES;
				GCC_WARN_UNUSED_VARIABLE = YES;
				IPHONEOS_DEPLOYMENT_TARGET = 16.4;
				MTL_ENABLE_DEBUG_INFO = INCLUDE_SOURCE;
				MTL_FAST_MATH = YES;
				ONLY_ACTIVE_ARCH = YES;
				SDKROOT = iphoneos;
				SWIFT_ACTIVE_COMPILATION_CONDITIONS = DEBUG;
				SWIFT_OPTIMIZATION_LEVEL = "-Onone";
			};
			name = Debug;
		};
		81CFB25D2B0A9EB700A92D12 /* Release */ = {
			isa = XCBuildConfiguration;
			buildSettings = {
				ALWAYS_SEARCH_USER_PATHS = NO;
				CLANG_ANALYZER_NONNULL = YES;
				CLANG_ANALYZER_NUMBER_OBJECT_CONVERSION = YES_AGGRESSIVE;
				CLANG_CXX_LANGUAGE_STANDARD = "gnu++20";
				CLANG_ENABLE_MODULES = YES;
				CLANG_ENABLE_OBJC_ARC = YES;
				CLANG_ENABLE_OBJC_WEAK = YES;
				CLANG_WARN_BLOCK_CAPTURE_AUTORELEASING = YES;
				CLANG_WARN_BOOL_CONVERSION = YES;
				CLANG_WARN_COMMA = YES;
				CLANG_WARN_CONSTANT_CONVERSION = YES;
				CLANG_WARN_DEPRECATED_OBJC_IMPLEMENTATIONS = YES;
				CLANG_WARN_DIRECT_OBJC_ISA_USAGE = YES_ERROR;
				CLANG_WARN_DOCUMENTATION_COMMENTS = YES;
				CLANG_WARN_EMPTY_BODY = YES;
				CLANG_WARN_ENUM_CONVERSION = YES;
				CLANG_WARN_INFINITE_RECURSION = YES;
				CLANG_WARN_INT_CONVERSION = YES;
				CLANG_WARN_NON_LITERAL_NULL_CONVERSION = YES;
				CLANG_WARN_OBJC_IMPLICIT_RETAIN_SELF = YES;
				CLANG_WARN_OBJC_LITERAL_CONVERSION = YES;
				CLANG_WARN_OBJC_ROOT_CLASS = YES_ERROR;
				CLANG_WARN_QUOTED_INCLUDE_IN_FRAMEWORK_HEADER = YES;
				CLANG_WARN_RANGE_LOOP_ANALYSIS = YES;
				CLANG_WARN_STRICT_PROTOTYPES = YES;
				CLANG_WARN_SUSPICIOUS_MOVE = YES;
				CLANG_WARN_UNGUARDED_AVAILABILITY = YES_AGGRESSIVE;
				CLANG_WARN_UNREACHABLE_CODE = YES;
				CLANG_WARN__DUPLICATE_METHOD_MATCH = YES;
				COPY_PHASE_STRIP = NO;
				DEBUG_INFORMATION_FORMAT = "dwarf-with-dsym";
				ENABLE_NS_ASSERTIONS = NO;
				ENABLE_STRICT_OBJC_MSGSEND = YES;
				GCC_C_LANGUAGE_STANDARD = gnu11;
				GCC_NO_COMMON_BLOCKS = YES;
				GCC_WARN_64_TO_32_BIT_CONVERSION = YES;
				GCC_WARN_ABOUT_RETURN_TYPE = YES_ERROR;
				GCC_WARN_UNDECLARED_SELECTOR = YES;
				GCC_WARN_UNINITIALIZED_AUTOS = YES_AGGRESSIVE;
				GCC_WARN_UNUSED_FUNCTION = YES;
				GCC_WARN_UNUSED_VARIABLE = YES;
				IPHONEOS_DEPLOYMENT_TARGET = 16.4;
				MTL_ENABLE_DEBUG_INFO = NO;
				MTL_FAST_MATH = YES;
				SDKROOT = iphoneos;
				SWIFT_COMPILATION_MODE = wholemodule;
				SWIFT_OPTIMIZATION_LEVEL = "-O";
				VALIDATE_PRODUCT = YES;
			};
			name = Release;
		};
		81CFB25F2B0A9EB700A92D12 /* Debug */ = {
			isa = XCBuildConfiguration;
			baseConfigurationReference = 583CF2F9B7ABC7905E551492 /* Pods-CornellTypes.debug.xcconfig */;
			buildSettings = {
				ASSETCATALOG_COMPILER_APPICON_NAME = AppIcon;
				ASSETCATALOG_COMPILER_GLOBAL_ACCENT_COLOR_NAME = AccentColor;
				CODE_SIGN_STYLE = Automatic;
				CURRENT_PROJECT_VERSION = 1;
				DEVELOPMENT_TEAM = 2VKTL3C6AA;
				GENERATE_INFOPLIST_FILE = YES;
				INFOPLIST_FILE = CornellTypes/Info.plist;
				INFOPLIST_KEY_UIApplicationSupportsIndirectInputEvents = YES;
				INFOPLIST_KEY_UILaunchStoryboardName = LaunchScreen;
				INFOPLIST_KEY_UISupportedInterfaceOrientations_iPad = "UIInterfaceOrientationPortrait UIInterfaceOrientationPortraitUpsideDown UIInterfaceOrientationLandscapeLeft UIInterfaceOrientationLandscapeRight";
				INFOPLIST_KEY_UISupportedInterfaceOrientations_iPhone = "UIInterfaceOrientationPortrait UIInterfaceOrientationLandscapeLeft UIInterfaceOrientationLandscapeRight";
				LD_RUNPATH_SEARCH_PATHS = (
					"$(inherited)",
					"@executable_path/Frameworks",
				);
				MARKETING_VERSION = 1.0;
				PRODUCT_BUNDLE_IDENTIFIER = com.alvaro.CornellTypes;
				PRODUCT_NAME = "$(TARGET_NAME)";
				SWIFT_EMIT_LOC_STRINGS = YES;
				SWIFT_VERSION = 5.0;
				TARGETED_DEVICE_FAMILY = "1,2";
			};
			name = Debug;
		};
		81CFB2602B0A9EB700A92D12 /* Release */ = {
			isa = XCBuildConfiguration;
			baseConfigurationReference = 8A0E8926EA892A697AF09675 /* Pods-CornellTypes.release.xcconfig */;
			buildSettings = {
				ASSETCATALOG_COMPILER_APPICON_NAME = AppIcon;
				ASSETCATALOG_COMPILER_GLOBAL_ACCENT_COLOR_NAME = AccentColor;
				CODE_SIGN_STYLE = Automatic;
				CURRENT_PROJECT_VERSION = 1;
				DEVELOPMENT_TEAM = 2VKTL3C6AA;
				GENERATE_INFOPLIST_FILE = YES;
				INFOPLIST_FILE = CornellTypes/Info.plist;
				INFOPLIST_KEY_UIApplicationSupportsIndirectInputEvents = YES;
				INFOPLIST_KEY_UILaunchStoryboardName = LaunchScreen;
				INFOPLIST_KEY_UISupportedInterfaceOrientations_iPad = "UIInterfaceOrientationPortrait UIInterfaceOrientationPortraitUpsideDown UIInterfaceOrientationLandscapeLeft UIInterfaceOrientationLandscapeRight";
				INFOPLIST_KEY_UISupportedInterfaceOrientations_iPhone = "UIInterfaceOrientationPortrait UIInterfaceOrientationLandscapeLeft UIInterfaceOrientationLandscapeRight";
				LD_RUNPATH_SEARCH_PATHS = (
					"$(inherited)",
					"@executable_path/Frameworks",
				);
				MARKETING_VERSION = 1.0;
				PRODUCT_BUNDLE_IDENTIFIER = com.alvaro.CornellTypes;
				PRODUCT_NAME = "$(TARGET_NAME)";
				SWIFT_EMIT_LOC_STRINGS = YES;
				SWIFT_VERSION = 5.0;
				TARGETED_DEVICE_FAMILY = "1,2";
			};
			name = Release;
		};
/* End XCBuildConfiguration section */

/* Begin XCConfigurationList section */
		81CFB2452B0A9EB200A92D12 /* Build configuration list for PBXProject "CornellTypes" */ = {
			isa = XCConfigurationList;
			buildConfigurations = (
				81CFB25C2B0A9EB700A92D12 /* Debug */,
				81CFB25D2B0A9EB700A92D12 /* Release */,
			);
			defaultConfigurationIsVisible = 0;
			defaultConfigurationName = Release;
		};
		81CFB25E2B0A9EB700A92D12 /* Build configuration list for PBXNativeTarget "CornellTypes" */ = {
			isa = XCConfigurationList;
			buildConfigurations = (
				81CFB25F2B0A9EB700A92D12 /* Debug */,
				81CFB2602B0A9EB700A92D12 /* Release */,
			);
			defaultConfigurationIsVisible = 0;
			defaultConfigurationName = Release;
		};
/* End XCConfigurationList section */
	};
	rootObject = 81CFB2422B0A9EB200A92D12 /* Project object */;
}
