// !$*UTF8*$!
{
	archiveVersion = 1;
	classes = {
	};
	objectVersion = 56;
	objects = {

/* Begin PBXBuildFile section */
		4C25BD882B1A6B2400AFCCF8 /* Question.swift in Sources */ = {isa = PBXBuildFile; fileRef = 4C25BD872B1A6B2400AFCCF8 /* Question.swift */; };
		4C25BD8B2B1A7C5400AFCCF8 /* OptionCollectionViewCell.swift in Sources */ = {isa = PBXBuildFile; fileRef = 4C25BD8A2B1A7C5400AFCCF8 /* OptionCollectionViewCell.swift */; };
		4C25BD8D2B1A867900AFCCF8 /* QuizResultVC.swift in Sources */ = {isa = PBXBuildFile; fileRef = 4C25BD8C2B1A867900AFCCF8 /* QuizResultVC.swift */; };
		4C3AA8052B197210006C8AD4 /* AppDelegate.swift in Sources */ = {isa = PBXBuildFile; fileRef = 4C3AA8042B197210006C8AD4 /* AppDelegate.swift */; };
		4C3AA8072B197210006C8AD4 /* SceneDelegate.swift in Sources */ = {isa = PBXBuildFile; fileRef = 4C3AA8062B197210006C8AD4 /* SceneDelegate.swift */; };
		4C3AA80E2B197211006C8AD4 /* Assets.xcassets in Resources */ = {isa = PBXBuildFile; fileRef = 4C3AA80D2B197211006C8AD4 /* Assets.xcassets */; };
		4C3AA8112B197211006C8AD4 /* LaunchScreen.storyboard in Resources */ = {isa = PBXBuildFile; fileRef = 4C3AA80F2B197211006C8AD4 /* LaunchScreen.storyboard */; };
		4C3AA81A2B197352006C8AD4 /* Alamofire in Frameworks */ = {isa = PBXBuildFile; productRef = 4C3AA8192B197352006C8AD4 /* Alamofire */; };
		4CA4B3B12B19750500584ADC /* NetworkManager.swift in Sources */ = {isa = PBXBuildFile; fileRef = 4CA4B3B02B19750500584ADC /* NetworkManager.swift */; };
		4CA4B3B52B19751400584ADC /* User.swift in Sources */ = {isa = PBXBuildFile; fileRef = 4CA4B3B32B19751400584ADC /* User.swift */; };
		4CA4B3B62B19751400584ADC /* Post.swift in Sources */ = {isa = PBXBuildFile; fileRef = 4CA4B3B42B19751400584ADC /* Post.swift */; };
		4CA4B3B92B19751800584ADC /* UIColorExtension.swift in Sources */ = {isa = PBXBuildFile; fileRef = 4CA4B3B82B19751800584ADC /* UIColorExtension.swift */; };
		4CA4B3E32B19759B00584ADC /* Fredoka-Medium.ttf in Resources */ = {isa = PBXBuildFile; fileRef = 4CA4B3CA2B19759B00584ADC /* Fredoka-Medium.ttf */; };
		4CA4B3E42B19759B00584ADC /* Fredoka-Light.ttf in Resources */ = {isa = PBXBuildFile; fileRef = 4CA4B3CB2B19759B00584ADC /* Fredoka-Light.ttf */; };
		4CA4B3E62B19759B00584ADC /* Fredoka-Bold.ttf in Resources */ = {isa = PBXBuildFile; fileRef = 4CA4B3CD2B19759B00584ADC /* Fredoka-Bold.ttf */; };
		4CA4B3EF2B19759B00584ADC /* Fredoka-Regular.ttf in Resources */ = {isa = PBXBuildFile; fileRef = 4CA4B3D62B19759B00584ADC /* Fredoka-Regular.ttf */; };
		4CA4B3F72B19759B00584ADC /* Fredoka-SemiBold.ttf in Resources */ = {isa = PBXBuildFile; fileRef = 4CA4B3DE2B19759B00584ADC /* Fredoka-SemiBold.ttf */; };
		4CA4B4092B19765D00584ADC /* ViewController.swift in Sources */ = {isa = PBXBuildFile; fileRef = 4CA4B3FD2B19765D00584ADC /* ViewController.swift */; };
		4CA4B40A2B19765D00584ADC /* LoginVC.swift in Sources */ = {isa = PBXBuildFile; fileRef = 4CA4B3FE2B19765D00584ADC /* LoginVC.swift */; };
		4CA4B40B2B19765D00584ADC /* SignupVC.swift in Sources */ = {isa = PBXBuildFile; fileRef = 4CA4B3FF2B19765D00584ADC /* SignupVC.swift */; };
		4CA4B40C2B19765D00584ADC /* WelcomeVC.swift in Sources */ = {isa = PBXBuildFile; fileRef = 4CA4B4002B19765D00584ADC /* WelcomeVC.swift */; };
		4CA4B40D2B19765D00584ADC /* EnterMBTIVC.swift in Sources */ = {isa = PBXBuildFile; fileRef = 4CA4B4012B19765D00584ADC /* EnterMBTIVC.swift */; };
		4CA4B40E2B19765D00584ADC /* WhatsMBTIVC.swift in Sources */ = {isa = PBXBuildFile; fileRef = 4CA4B4022B19765D00584ADC /* WhatsMBTIVC.swift */; };
		4CA4B4102B19765D00584ADC /* QuizVC.swift in Sources */ = {isa = PBXBuildFile; fileRef = 4CA4B4052B19765D00584ADC /* QuizVC.swift */; };
		4CA4B4112B19765D00584ADC /* ProfileVC.swift in Sources */ = {isa = PBXBuildFile; fileRef = 4CA4B4072B19765D00584ADC /* ProfileVC.swift */; };
		4CA4B4122B19765D00584ADC /* HomeVC.swift in Sources */ = {isa = PBXBuildFile; fileRef = 4CA4B4082B19765D00584ADC /* HomeVC.swift */; };
		81D65A472B1A9FD900184D9E /* VerificationVC.swift in Sources */ = {isa = PBXBuildFile; fileRef = 81D65A462B1A9FD900184D9E /* VerificationVC.swift */; };
/* End PBXBuildFile section */

/* Begin PBXFileReference section */
		4C25BD872B1A6B2400AFCCF8 /* Question.swift */ = {isa = PBXFileReference; lastKnownFileType = sourcecode.swift; path = Question.swift; sourceTree = "<group>"; };
		4C25BD8A2B1A7C5400AFCCF8 /* OptionCollectionViewCell.swift */ = {isa = PBXFileReference; lastKnownFileType = sourcecode.swift; path = OptionCollectionViewCell.swift; sourceTree = "<group>"; };
		4C25BD8C2B1A867900AFCCF8 /* QuizResultVC.swift */ = {isa = PBXFileReference; lastKnownFileType = sourcecode.swift; path = QuizResultVC.swift; sourceTree = "<group>"; };
		4C3AA8012B197210006C8AD4 /* CornellTypes.app */ = {isa = PBXFileReference; explicitFileType = wrapper.application; includeInIndex = 0; path = CornellTypes.app; sourceTree = BUILT_PRODUCTS_DIR; };
		4C3AA8042B197210006C8AD4 /* AppDelegate.swift */ = {isa = PBXFileReference; lastKnownFileType = sourcecode.swift; path = AppDelegate.swift; sourceTree = "<group>"; };
		4C3AA8062B197210006C8AD4 /* SceneDelegate.swift */ = {isa = PBXFileReference; lastKnownFileType = sourcecode.swift; path = SceneDelegate.swift; sourceTree = "<group>"; };
		4C3AA80D2B197211006C8AD4 /* Assets.xcassets */ = {isa = PBXFileReference; lastKnownFileType = folder.assetcatalog; path = Assets.xcassets; sourceTree = "<group>"; };
		4C3AA8102B197211006C8AD4 /* Base */ = {isa = PBXFileReference; lastKnownFileType = file.storyboard; name = Base; path = Base.lproj/LaunchScreen.storyboard; sourceTree = "<group>"; };
		4C3AA8122B197211006C8AD4 /* Info.plist */ = {isa = PBXFileReference; lastKnownFileType = text.plist.xml; path = Info.plist; sourceTree = "<group>"; };
		4CA4B3B02B19750500584ADC /* NetworkManager.swift */ = {isa = PBXFileReference; fileEncoding = 4; lastKnownFileType = sourcecode.swift; path = NetworkManager.swift; sourceTree = "<group>"; };
		4CA4B3B32B19751400584ADC /* User.swift */ = {isa = PBXFileReference; fileEncoding = 4; lastKnownFileType = sourcecode.swift; path = User.swift; sourceTree = "<group>"; };
		4CA4B3B42B19751400584ADC /* Post.swift */ = {isa = PBXFileReference; fileEncoding = 4; lastKnownFileType = sourcecode.swift; path = Post.swift; sourceTree = "<group>"; };
		4CA4B3B82B19751800584ADC /* UIColorExtension.swift */ = {isa = PBXFileReference; fileEncoding = 4; lastKnownFileType = sourcecode.swift; path = UIColorExtension.swift; sourceTree = "<group>"; };
		4CA4B3CA2B19759B00584ADC /* Fredoka-Medium.ttf */ = {isa = PBXFileReference; lastKnownFileType = file; path = "Fredoka-Medium.ttf"; sourceTree = "<group>"; };
		4CA4B3CB2B19759B00584ADC /* Fredoka-Light.ttf */ = {isa = PBXFileReference; lastKnownFileType = file; path = "Fredoka-Light.ttf"; sourceTree = "<group>"; };
		4CA4B3CD2B19759B00584ADC /* Fredoka-Bold.ttf */ = {isa = PBXFileReference; lastKnownFileType = file; path = "Fredoka-Bold.ttf"; sourceTree = "<group>"; };
		4CA4B3D62B19759B00584ADC /* Fredoka-Regular.ttf */ = {isa = PBXFileReference; lastKnownFileType = file; path = "Fredoka-Regular.ttf"; sourceTree = "<group>"; };
		4CA4B3DE2B19759B00584ADC /* Fredoka-SemiBold.ttf */ = {isa = PBXFileReference; lastKnownFileType = file; path = "Fredoka-SemiBold.ttf"; sourceTree = "<group>"; };
		4CA4B3FD2B19765D00584ADC /* ViewController.swift */ = {isa = PBXFileReference; fileEncoding = 4; lastKnownFileType = sourcecode.swift; path = ViewController.swift; sourceTree = "<group>"; };
		4CA4B3FE2B19765D00584ADC /* LoginVC.swift */ = {isa = PBXFileReference; fileEncoding = 4; lastKnownFileType = sourcecode.swift; path = LoginVC.swift; sourceTree = "<group>"; };
		4CA4B3FF2B19765D00584ADC /* SignupVC.swift */ = {isa = PBXFileReference; fileEncoding = 4; lastKnownFileType = sourcecode.swift; path = SignupVC.swift; sourceTree = "<group>"; };
		4CA4B4002B19765D00584ADC /* WelcomeVC.swift */ = {isa = PBXFileReference; fileEncoding = 4; lastKnownFileType = sourcecode.swift; path = WelcomeVC.swift; sourceTree = "<group>"; };
		4CA4B4012B19765D00584ADC /* EnterMBTIVC.swift */ = {isa = PBXFileReference; fileEncoding = 4; lastKnownFileType = sourcecode.swift; path = EnterMBTIVC.swift; sourceTree = "<group>"; };
		4CA4B4022B19765D00584ADC /* WhatsMBTIVC.swift */ = {isa = PBXFileReference; fileEncoding = 4; lastKnownFileType = sourcecode.swift; path = WhatsMBTIVC.swift; sourceTree = "<group>"; };
		4CA4B4052B19765D00584ADC /* QuizVC.swift */ = {isa = PBXFileReference; fileEncoding = 4; lastKnownFileType = sourcecode.swift; path = QuizVC.swift; sourceTree = "<group>"; };
		4CA4B4072B19765D00584ADC /* ProfileVC.swift */ = {isa = PBXFileReference; fileEncoding = 4; lastKnownFileType = sourcecode.swift; path = ProfileVC.swift; sourceTree = "<group>"; };
		4CA4B4082B19765D00584ADC /* HomeVC.swift */ = {isa = PBXFileReference; fileEncoding = 4; lastKnownFileType = sourcecode.swift; path = HomeVC.swift; sourceTree = "<group>"; };
		81D65A462B1A9FD900184D9E /* VerificationVC.swift */ = {isa = PBXFileReference; lastKnownFileType = sourcecode.swift; path = VerificationVC.swift; sourceTree = "<group>"; };
/* End PBXFileReference section */

/* Begin PBXFrameworksBuildPhase section */
		4C3AA7FE2B197210006C8AD4 /* Frameworks */ = {
			isa = PBXFrameworksBuildPhase;
			buildActionMask = 2147483647;
			files = (
				4C3AA81A2B197352006C8AD4 /* Alamofire in Frameworks */,
			);
			runOnlyForDeploymentPostprocessing = 0;
		};
/* End PBXFrameworksBuildPhase section */

/* Begin PBXGroup section */
		4C25BD892B1A7C0A00AFCCF8 /* Views */ = {
			isa = PBXGroup;
			children = (
				4C25BD8A2B1A7C5400AFCCF8 /* OptionCollectionViewCell.swift */,
			);
			path = Views;
			sourceTree = "<group>";
		};
		4C3AA7F82B197210006C8AD4 = {
			isa = PBXGroup;
			children = (
				4C3AA8032B197210006C8AD4 /* CornellTypes */,
				4C3AA8022B197210006C8AD4 /* Products */,
			);
			sourceTree = "<group>";
		};
		4C3AA8022B197210006C8AD4 /* Products */ = {
			isa = PBXGroup;
			children = (
				4C3AA8012B197210006C8AD4 /* CornellTypes.app */,
			);
			name = Products;
			sourceTree = "<group>";
		};
		4C3AA8032B197210006C8AD4 /* CornellTypes */ = {
			isa = PBXGroup;
			children = (
				4CA4B3FB2B19765D00584ADC /* Controllers */,
				4C25BD892B1A7C0A00AFCCF8 /* Views */,
				4CA4B3C82B19759B00584ADC /* Fonts */,
				4CA4B3B72B19751800584ADC /* Extensions */,
				4CA4B3B22B19751400584ADC /* Models */,
				4CA4B3AF2B19750500584ADC /* Networking */,
				4C3AA8042B197210006C8AD4 /* AppDelegate.swift */,
				4C3AA8062B197210006C8AD4 /* SceneDelegate.swift */,
				4C3AA80D2B197211006C8AD4 /* Assets.xcassets */,
				4C3AA80F2B197211006C8AD4 /* LaunchScreen.storyboard */,
				4C3AA8122B197211006C8AD4 /* Info.plist */,
			);
			path = CornellTypes;
			sourceTree = "<group>";
		};
		4CA4B3AF2B19750500584ADC /* Networking */ = {
			isa = PBXGroup;
			children = (
				4CA4B3B02B19750500584ADC /* NetworkManager.swift */,
			);
			path = Networking;
			sourceTree = "<group>";
		};
		4CA4B3B22B19751400584ADC /* Models */ = {
			isa = PBXGroup;
			children = (
				4CA4B3B32B19751400584ADC /* User.swift */,
				4CA4B3B42B19751400584ADC /* Post.swift */,
				4C25BD872B1A6B2400AFCCF8 /* Question.swift */,
			);
			path = Models;
			sourceTree = "<group>";
		};
		4CA4B3B72B19751800584ADC /* Extensions */ = {
			isa = PBXGroup;
			children = (
				4CA4B3B82B19751800584ADC /* UIColorExtension.swift */,
			);
			path = Extensions;
			sourceTree = "<group>";
		};
		4CA4B3C82B19759B00584ADC /* Fonts */ = {
			isa = PBXGroup;
			children = (
				4CA4B3CB2B19759B00584ADC /* Fredoka-Light.ttf */,
				4CA4B3CA2B19759B00584ADC /* Fredoka-Medium.ttf */,
				4CA4B3D62B19759B00584ADC /* Fredoka-Regular.ttf */,
				4CA4B3DE2B19759B00584ADC /* Fredoka-SemiBold.ttf */,
				4CA4B3CD2B19759B00584ADC /* Fredoka-Bold.ttf */,
			);
			path = Fonts;
			sourceTree = "<group>";
		};
		4CA4B3FB2B19765D00584ADC /* Controllers */ = {
			isa = PBXGroup;
			children = (
				4CA4B3FC2B19765D00584ADC /* IntroSection */,
				4CA4B4032B19765D00584ADC /* QuizSection */,
				4CA4B4062B19765D00584ADC /* HomeSection */,
			);
			path = Controllers;
			sourceTree = "<group>";
		};
		4CA4B3FC2B19765D00584ADC /* IntroSection */ = {
			isa = PBXGroup;
			children = (
				4CA4B3FD2B19765D00584ADC /* ViewController.swift */,
				4CA4B3FE2B19765D00584ADC /* LoginVC.swift */,
				4CA4B3FF2B19765D00584ADC /* SignupVC.swift */,
				81D65A462B1A9FD900184D9E /* VerificationVC.swift */,
				4CA4B4002B19765D00584ADC /* WelcomeVC.swift */,
				4CA4B4012B19765D00584ADC /* EnterMBTIVC.swift */,
				4CA4B4022B19765D00584ADC /* WhatsMBTIVC.swift */,
			);
			path = IntroSection;
			sourceTree = "<group>";
		};
		4CA4B4032B19765D00584ADC /* QuizSection */ = {
			isa = PBXGroup;
			children = (
				4CA4B4052B19765D00584ADC /* QuizVC.swift */,
				4C25BD8C2B1A867900AFCCF8 /* QuizResultVC.swift */,
			);
			path = QuizSection;
			sourceTree = "<group>";
		};
		4CA4B4062B19765D00584ADC /* HomeSection */ = {
			isa = PBXGroup;
			children = (
				4CA4B4072B19765D00584ADC /* ProfileVC.swift */,
				4CA4B4082B19765D00584ADC /* HomeVC.swift */,
			);
			path = HomeSection;
			sourceTree = "<group>";
		};
/* End PBXGroup section */

/* Begin PBXNativeTarget section */
		4C3AA8002B197210006C8AD4 /* CornellTypes */ = {
			isa = PBXNativeTarget;
			buildConfigurationList = 4C3AA8152B197211006C8AD4 /* Build configuration list for PBXNativeTarget "CornellTypes" */;
			buildPhases = (
				4C3AA7FD2B197210006C8AD4 /* Sources */,
				4C3AA7FE2B197210006C8AD4 /* Frameworks */,
				4C3AA7FF2B197210006C8AD4 /* Resources */,
			);
			buildRules = (
			);
			dependencies = (
			);
			name = CornellTypes;
			packageProductDependencies = (
				4C3AA8192B197352006C8AD4 /* Alamofire */,
			);
			productName = CornellTypes;
			productReference = 4C3AA8012B197210006C8AD4 /* CornellTypes.app */;
			productType = "com.apple.product-type.application";
		};
/* End PBXNativeTarget section */

/* Begin PBXProject section */
		4C3AA7F92B197210006C8AD4 /* Project object */ = {
			isa = PBXProject;
			attributes = {
				BuildIndependentTargetsInParallel = 1;
				LastSwiftUpdateCheck = 1500;
				LastUpgradeCheck = 1500;
				TargetAttributes = {
					4C3AA8002B197210006C8AD4 = {
						CreatedOnToolsVersion = 15.0.1;
					};
				};
			};
			buildConfigurationList = 4C3AA7FC2B197210006C8AD4 /* Build configuration list for PBXProject "CornellTypes" */;
			compatibilityVersion = "Xcode 14.0";
			developmentRegion = en;
			hasScannedForEncodings = 0;
			knownRegions = (
				en,
				Base,
			);
			mainGroup = 4C3AA7F82B197210006C8AD4;
			packageReferences = (
				4C3AA8182B197352006C8AD4 /* XCRemoteSwiftPackageReference "Alamofire" */,
			);
			productRefGroup = 4C3AA8022B197210006C8AD4 /* Products */;
			projectDirPath = "";
			projectRoot = "";
			targets = (
				4C3AA8002B197210006C8AD4 /* CornellTypes */,
			);
		};
/* End PBXProject section */

/* Begin PBXResourcesBuildPhase section */
		4C3AA7FF2B197210006C8AD4 /* Resources */ = {
			isa = PBXResourcesBuildPhase;
			buildActionMask = 2147483647;
			files = (
				4CA4B3F72B19759B00584ADC /* Fredoka-SemiBold.ttf in Resources */,
				4CA4B3E42B19759B00584ADC /* Fredoka-Light.ttf in Resources */,
				4CA4B3E32B19759B00584ADC /* Fredoka-Medium.ttf in Resources */,
				4CA4B3EF2B19759B00584ADC /* Fredoka-Regular.ttf in Resources */,
				4CA4B3E62B19759B00584ADC /* Fredoka-Bold.ttf in Resources */,
				4C3AA8112B197211006C8AD4 /* LaunchScreen.storyboard in Resources */,
				4C3AA80E2B197211006C8AD4 /* Assets.xcassets in Resources */,
			);
			runOnlyForDeploymentPostprocessing = 0;
		};
/* End PBXResourcesBuildPhase section */

/* Begin PBXSourcesBuildPhase section */
		4C3AA7FD2B197210006C8AD4 /* Sources */ = {
			isa = PBXSourcesBuildPhase;
			buildActionMask = 2147483647;
			files = (
				4CA4B4112B19765D00584ADC /* ProfileVC.swift in Sources */,
				81D65A472B1A9FD900184D9E /* VerificationVC.swift in Sources */,
				4CA4B3B12B19750500584ADC /* NetworkManager.swift in Sources */,
				4CA4B4102B19765D00584ADC /* QuizVC.swift in Sources */,
				4C25BD882B1A6B2400AFCCF8 /* Question.swift in Sources */,
				4C25BD8D2B1A867900AFCCF8 /* QuizResultVC.swift in Sources */,
				4CA4B40C2B19765D00584ADC /* WelcomeVC.swift in Sources */,
				4CA4B3B92B19751800584ADC /* UIColorExtension.swift in Sources */,
				4CA4B40A2B19765D00584ADC /* LoginVC.swift in Sources */,
				4CA4B40B2B19765D00584ADC /* SignupVC.swift in Sources */,
				4C3AA8052B197210006C8AD4 /* AppDelegate.swift in Sources */,
				4CA4B40D2B19765D00584ADC /* EnterMBTIVC.swift in Sources */,
				4CA4B4122B19765D00584ADC /* HomeVC.swift in Sources */,
				4C25BD8B2B1A7C5400AFCCF8 /* OptionCollectionViewCell.swift in Sources */,
				4CA4B3B62B19751400584ADC /* Post.swift in Sources */,
				4CA4B40E2B19765D00584ADC /* WhatsMBTIVC.swift in Sources */,
				4CA4B4092B19765D00584ADC /* ViewController.swift in Sources */,
				4CA4B3B52B19751400584ADC /* User.swift in Sources */,
				4C3AA8072B197210006C8AD4 /* SceneDelegate.swift in Sources */,
			);
			runOnlyForDeploymentPostprocessing = 0;
		};
/* End PBXSourcesBuildPhase section */

/* Begin PBXVariantGroup section */
		4C3AA80F2B197211006C8AD4 /* LaunchScreen.storyboard */ = {
			isa = PBXVariantGroup;
			children = (
				4C3AA8102B197211006C8AD4 /* Base */,
			);
			name = LaunchScreen.storyboard;
			sourceTree = "<group>";
		};
/* End PBXVariantGroup section */

/* Begin XCBuildConfiguration section */
		4C3AA8132B197211006C8AD4 /* Debug */ = {
			isa = XCBuildConfiguration;
			buildSettings = {
				ALWAYS_SEARCH_USER_PATHS = NO;
				ASSETCATALOG_COMPILER_GENERATE_SWIFT_ASSET_SYMBOL_EXTENSIONS = YES;
				CLANG_ANALYZER_NONNULL = YES;
				CLANG_ANALYZER_NUMBER_OBJECT_CONVERSION = YES_AGGRESSIVE;
				CLANG_CXX_LANGUAGE_STANDARD = "gnu++20";
				CLANG_ENABLE_MODULES = YES;
				CLANG_ENABLE_OBJC_ARC = YES;
				CLANG_ENABLE_OBJC_WEAK = YES;
				CLANG_WARN_BLOCK_CAPTURE_AUTORELEASING = YES;
				CLANG_WARN_BOOL_CONVERSION = YES;
				CLANG_WARN_COMMA = YES;
				CLANG_WARN_CONSTANT_CONVERSION = YES;
				CLANG_WARN_DEPRECATED_OBJC_IMPLEMENTATIONS = YES;
				CLANG_WARN_DIRECT_OBJC_ISA_USAGE = YES_ERROR;
				CLANG_WARN_DOCUMENTATION_COMMENTS = YES;
				CLANG_WARN_EMPTY_BODY = YES;
				CLANG_WARN_ENUM_CONVERSION = YES;
				CLANG_WARN_INFINITE_RECURSION = YES;
				CLANG_WARN_INT_CONVERSION = YES;
				CLANG_WARN_NON_LITERAL_NULL_CONVERSION = YES;
				CLANG_WARN_OBJC_IMPLICIT_RETAIN_SELF = YES;
				CLANG_WARN_OBJC_LITERAL_CONVERSION = YES;
				CLANG_WARN_OBJC_ROOT_CLASS = YES_ERROR;
				CLANG_WARN_QUOTED_INCLUDE_IN_FRAMEWORK_HEADER = YES;
				CLANG_WARN_RANGE_LOOP_ANALYSIS = YES;
				CLANG_WARN_STRICT_PROTOTYPES = YES;
				CLANG_WARN_SUSPICIOUS_MOVE = YES;
				CLANG_WARN_UNGUARDED_AVAILABILITY = YES_AGGRESSIVE;
				CLANG_WARN_UNREACHABLE_CODE = YES;
				CLANG_WARN__DUPLICATE_METHOD_MATCH = YES;
				COPY_PHASE_STRIP = NO;
				DEBUG_INFORMATION_FORMAT = dwarf;
				ENABLE_STRICT_OBJC_MSGSEND = YES;
				ENABLE_TESTABILITY = YES;
				ENABLE_USER_SCRIPT_SANDBOXING = YES;
				GCC_C_LANGUAGE_STANDARD = gnu17;
				GCC_DYNAMIC_NO_PIC = NO;
				GCC_NO_COMMON_BLOCKS = YES;
				GCC_OPTIMIZATION_LEVEL = 0;
				GCC_PREPROCESSOR_DEFINITIONS = (
					"DEBUG=1",
					"$(inherited)",
				);
				GCC_WARN_64_TO_32_BIT_CONVERSION = YES;
				GCC_WARN_ABOUT_RETURN_TYPE = YES_ERROR;
				GCC_WARN_UNDECLARED_SELECTOR = YES;
				GCC_WARN_UNINITIALIZED_AUTOS = YES_AGGRESSIVE;
				GCC_WARN_UNUSED_FUNCTION = YES;
				GCC_WARN_UNUSED_VARIABLE = YES;
				IPHONEOS_DEPLOYMENT_TARGET = 17.0;
				LOCALIZATION_PREFERS_STRING_CATALOGS = YES;
				MTL_ENABLE_DEBUG_INFO = INCLUDE_SOURCE;
				MTL_FAST_MATH = YES;
				ONLY_ACTIVE_ARCH = YES;
				SDKROOT = iphoneos;
				SWIFT_ACTIVE_COMPILATION_CONDITIONS = "DEBUG $(inherited)";
				SWIFT_OPTIMIZATION_LEVEL = "-Onone";
			};
			name = Debug;
		};
		4C3AA8142B197211006C8AD4 /* Release */ = {
			isa = XCBuildConfiguration;
			buildSettings = {
				ALWAYS_SEARCH_USER_PATHS = NO;
				ASSETCATALOG_COMPILER_GENERATE_SWIFT_ASSET_SYMBOL_EXTENSIONS = YES;
				CLANG_ANALYZER_NONNULL = YES;
				CLANG_ANALYZER_NUMBER_OBJECT_CONVERSION = YES_AGGRESSIVE;
				CLANG_CXX_LANGUAGE_STANDARD = "gnu++20";
				CLANG_ENABLE_MODULES = YES;
				CLANG_ENABLE_OBJC_ARC = YES;
				CLANG_ENABLE_OBJC_WEAK = YES;
				CLANG_WARN_BLOCK_CAPTURE_AUTORELEASING = YES;
				CLANG_WARN_BOOL_CONVERSION = YES;
				CLANG_WARN_COMMA = YES;
				CLANG_WARN_CONSTANT_CONVERSION = YES;
				CLANG_WARN_DEPRECATED_OBJC_IMPLEMENTATIONS = YES;
				CLANG_WARN_DIRECT_OBJC_ISA_USAGE = YES_ERROR;
				CLANG_WARN_DOCUMENTATION_COMMENTS = YES;
				CLANG_WARN_EMPTY_BODY = YES;
				CLANG_WARN_ENUM_CONVERSION = YES;
				CLANG_WARN_INFINITE_RECURSION = YES;
				CLANG_WARN_INT_CONVERSION = YES;
				CLANG_WARN_NON_LITERAL_NULL_CONVERSION = YES;
				CLANG_WARN_OBJC_IMPLICIT_RETAIN_SELF = YES;
				CLANG_WARN_OBJC_LITERAL_CONVERSION = YES;
				CLANG_WARN_OBJC_ROOT_CLASS = YES_ERROR;
				CLANG_WARN_QUOTED_INCLUDE_IN_FRAMEWORK_HEADER = YES;
				CLANG_WARN_RANGE_LOOP_ANALYSIS = YES;
				CLANG_WARN_STRICT_PROTOTYPES = YES;
				CLANG_WARN_SUSPICIOUS_MOVE = YES;
				CLANG_WARN_UNGUARDED_AVAILABILITY = YES_AGGRESSIVE;
				CLANG_WARN_UNREACHABLE_CODE = YES;
				CLANG_WARN__DUPLICATE_METHOD_MATCH = YES;
				COPY_PHASE_STRIP = NO;
				DEBUG_INFORMATION_FORMAT = "dwarf-with-dsym";
				ENABLE_NS_ASSERTIONS = NO;
				ENABLE_STRICT_OBJC_MSGSEND = YES;
				ENABLE_USER_SCRIPT_SANDBOXING = YES;
				GCC_C_LANGUAGE_STANDARD = gnu17;
				GCC_NO_COMMON_BLOCKS = YES;
				GCC_WARN_64_TO_32_BIT_CONVERSION = YES;
				GCC_WARN_ABOUT_RETURN_TYPE = YES_ERROR;
				GCC_WARN_UNDECLARED_SELECTOR = YES;
				GCC_WARN_UNINITIALIZED_AUTOS = YES_AGGRESSIVE;
				GCC_WARN_UNUSED_FUNCTION = YES;
				GCC_WARN_UNUSED_VARIABLE = YES;
				IPHONEOS_DEPLOYMENT_TARGET = 17.0;
				LOCALIZATION_PREFERS_STRING_CATALOGS = YES;
				MTL_ENABLE_DEBUG_INFO = NO;
				MTL_FAST_MATH = YES;
				SDKROOT = iphoneos;
				SWIFT_COMPILATION_MODE = wholemodule;
				VALIDATE_PRODUCT = YES;
			};
			name = Release;
		};
		4C3AA8162B197211006C8AD4 /* Debug */ = {
			isa = XCBuildConfiguration;
			buildSettings = {
				ASSETCATALOG_COMPILER_APPICON_NAME = AppIcon;
				ASSETCATALOG_COMPILER_GLOBAL_ACCENT_COLOR_NAME = AccentColor;
				CODE_SIGN_STYLE = Automatic;
				CURRENT_PROJECT_VERSION = 1;
				DEVELOPMENT_TEAM = G6P8FM88P4;
				GENERATE_INFOPLIST_FILE = YES;
				INFOPLIST_FILE = CornellTypes/Info.plist;
				INFOPLIST_KEY_UIApplicationSupportsIndirectInputEvents = YES;
				INFOPLIST_KEY_UILaunchStoryboardName = LaunchScreen;
				INFOPLIST_KEY_UISupportedInterfaceOrientations = UIInterfaceOrientationPortrait;
				INFOPLIST_KEY_UISupportedInterfaceOrientations_iPad = "UIInterfaceOrientationPortrait UIInterfaceOrientationPortraitUpsideDown";
				IPHONEOS_DEPLOYMENT_TARGET = 16.0;
				LD_RUNPATH_SEARCH_PATHS = (
					"$(inherited)",
					"@executable_path/Frameworks",
				);
				MARKETING_VERSION = 1.0;
				PRODUCT_BUNDLE_IDENTIFIER = com.geoflect.CornellTypes;
				PRODUCT_NAME = "$(TARGET_NAME)";
				SUPPORTED_PLATFORMS = "iphoneos iphonesimulator";
				SUPPORTS_MACCATALYST = NO;
				SUPPORTS_MAC_DESIGNED_FOR_IPHONE_IPAD = NO;
				SWIFT_EMIT_LOC_STRINGS = YES;
				SWIFT_VERSION = 5.0;
				TARGETED_DEVICE_FAMILY = "1,2";
			};
			name = Debug;
		};
		4C3AA8172B197211006C8AD4 /* Release */ = {
			isa = XCBuildConfiguration;
			buildSettings = {
				ASSETCATALOG_COMPILER_APPICON_NAME = AppIcon;
				ASSETCATALOG_COMPILER_GLOBAL_ACCENT_COLOR_NAME = AccentColor;
				CODE_SIGN_STYLE = Automatic;
				CURRENT_PROJECT_VERSION = 1;
				DEVELOPMENT_TEAM = G6P8FM88P4;
				GENERATE_INFOPLIST_FILE = YES;
				INFOPLIST_FILE = CornellTypes/Info.plist;
				INFOPLIST_KEY_UIApplicationSupportsIndirectInputEvents = YES;
				INFOPLIST_KEY_UILaunchStoryboardName = LaunchScreen;
				INFOPLIST_KEY_UISupportedInterfaceOrientations = UIInterfaceOrientationPortrait;
				INFOPLIST_KEY_UISupportedInterfaceOrientations_iPad = "UIInterfaceOrientationPortrait UIInterfaceOrientationPortraitUpsideDown";
				IPHONEOS_DEPLOYMENT_TARGET = 16.0;
				LD_RUNPATH_SEARCH_PATHS = (
					"$(inherited)",
					"@executable_path/Frameworks",
				);
				MARKETING_VERSION = 1.0;
				PRODUCT_BUNDLE_IDENTIFIER = com.geoflect.CornellTypes;
				PRODUCT_NAME = "$(TARGET_NAME)";
				SUPPORTED_PLATFORMS = "iphoneos iphonesimulator";
				SUPPORTS_MACCATALYST = NO;
				SUPPORTS_MAC_DESIGNED_FOR_IPHONE_IPAD = NO;
				SWIFT_EMIT_LOC_STRINGS = YES;
				SWIFT_VERSION = 5.0;
				TARGETED_DEVICE_FAMILY = "1,2";
			};
			name = Release;
		};
/* End XCBuildConfiguration section */

/* Begin XCConfigurationList section */
		4C3AA7FC2B197210006C8AD4 /* Build configuration list for PBXProject "CornellTypes" */ = {
			isa = XCConfigurationList;
			buildConfigurations = (
				4C3AA8132B197211006C8AD4 /* Debug */,
				4C3AA8142B197211006C8AD4 /* Release */,
			);
			defaultConfigurationIsVisible = 0;
			defaultConfigurationName = Release;
		};
		4C3AA8152B197211006C8AD4 /* Build configuration list for PBXNativeTarget "CornellTypes" */ = {
			isa = XCConfigurationList;
			buildConfigurations = (
				4C3AA8162B197211006C8AD4 /* Debug */,
				4C3AA8172B197211006C8AD4 /* Release */,
			);
			defaultConfigurationIsVisible = 0;
			defaultConfigurationName = Release;
		};
/* End XCConfigurationList section */

/* Begin XCRemoteSwiftPackageReference section */
		4C3AA8182B197352006C8AD4 /* XCRemoteSwiftPackageReference "Alamofire" */ = {
			isa = XCRemoteSwiftPackageReference;
			repositoryURL = "https://github.com/Alamofire/Alamofire.git";
			requirement = {
				kind = upToNextMajorVersion;
				minimumVersion = 5.8.1;
			};
		};
/* End XCRemoteSwiftPackageReference section */

/* Begin XCSwiftPackageProductDependency section */
		4C3AA8192B197352006C8AD4 /* Alamofire */ = {
			isa = XCSwiftPackageProductDependency;
			package = 4C3AA8182B197352006C8AD4 /* XCRemoteSwiftPackageReference "Alamofire" */;
			productName = Alamofire;
		};
/* End XCSwiftPackageProductDependency section */
	};
	rootObject = 4C3AA7F92B197210006C8AD4 /* Project object */;
}
